
Microsoft Visual Studio Solution File, Format Version 12.00
# Visual Studio 15
VisualStudioVersion = 15.0.26124.0
MinimumVisualStudioVersion = 15.0.26124.0
Project("{2150E333-8FDC-42A3-9474-1A3956D46DE8}") = "src", "src", "{53943856-2F52-4F6C-9166-71E104B3F456}"
EndProject
Project("{FAE04EC0-301F-11D3-BF4B-00C04F79EFBC}") = "FMTestHelper", "src\FMTestHelper\FMTestHelper.csproj", "{A0439EC0-A3AC-47A1-B096-B576ABFF102A}"
EndProject
Project("{2150E333-8FDC-42A3-9474-1A3956D46DE8}") = "test", "test", "{F2762EE6-D1A6-49F6-951C-E9DE02E8BF81}"
EndProject
Project("{FAE04EC0-301F-11D3-BF4B-00C04F79EFBC}") = "FMTestHelper.Tests", "test\FMTestHelper.Tests\FMTestHelper.Tests.csproj", "{9FB158DA-58FF-43D2-91D4-079AFFE38AF6}"
EndProject
Project("{2150E333-8FDC-42A3-9474-1A3956D46DE8}") = "testApps", "testApps", "{30C14B97-4C2C-4FD0-9911-5365078DF3A1}"
	ProjectSection(SolutionItems) = preProject
		testApps\readme.md = testApps\readme.md
	EndProjectSection
EndProject
Project("{FAE04EC0-301F-11D3-BF4B-00C04F79EFBC}") = "TestApp.Core", "testApps\TestApp.Core\TestApp.Core.csproj", "{04F2E842-6CF0-484A-8D8B-897806D24BF6}"
EndProject
Project("{FAE04EC0-301F-11D3-BF4B-00C04F79EFBC}") = "TestApp.PostgreSQL", "testApps\TestApp.PostgreSQL\TestApp.PostgreSQL.csproj", "{221E9698-4A2F-4807-B66A-9E8330AE231E}"
EndProject
Project("{FAE04EC0-301F-11D3-BF4B-00C04F79EFBC}") = "TestApp.SqlServer", "testApps\TestApp.SqlServer\TestApp.SqlServer.csproj", "{092D0580-E607-4F2A-8F32-60FE5623C4DC}"
EndProject
Project("{FAE04EC0-301F-11D3-BF4B-00C04F79EFBC}") = "TestApp.MariaDB", "testApps\TestApp.MariaDB\TestApp.MariaDB.csproj", "{E46CA8BE-22E7-4907-86EE-98D33305BF2B}"
EndProject
Project("{FAE04EC0-301F-11D3-BF4B-00C04F79EFBC}") = "TestApp.Core.Schemaless", "testApps\TestApp.Core.Schemaless\TestApp.Core.Schemaless.csproj", "{73454CAC-5901-4F59-B6E9-E5399FF6BF62}"
EndProject
Global
	GlobalSection(SolutionConfigurationPlatforms) = preSolution
		Debug|Any CPU = Debug|Any CPU
		Debug|x64 = Debug|x64
		Debug|x86 = Debug|x86
		Release|Any CPU = Release|Any CPU
		Release|x64 = Release|x64
		Release|x86 = Release|x86
	EndGlobalSection
	GlobalSection(SolutionProperties) = preSolution
		HideSolutionNode = FALSE
	EndGlobalSection
	GlobalSection(ProjectConfigurationPlatforms) = postSolution
		{A0439EC0-A3AC-47A1-B096-B576ABFF102A}.Debug|Any CPU.ActiveCfg = Debug|Any CPU
		{A0439EC0-A3AC-47A1-B096-B576ABFF102A}.Debug|Any CPU.Build.0 = Debug|Any CPU
		{A0439EC0-A3AC-47A1-B096-B576ABFF102A}.Debug|x64.ActiveCfg = Debug|Any CPU
		{A0439EC0-A3AC-47A1-B096-B576ABFF102A}.Debug|x64.Build.0 = Debug|Any CPU
		{A0439EC0-A3AC-47A1-B096-B576ABFF102A}.Debug|x86.ActiveCfg = Debug|Any CPU
		{A0439EC0-A3AC-47A1-B096-B576ABFF102A}.Debug|x86.Build.0 = Debug|Any CPU
		{A0439EC0-A3AC-47A1-B096-B576ABFF102A}.Release|Any CPU.ActiveCfg = Release|Any CPU
		{A0439EC0-A3AC-47A1-B096-B576ABFF102A}.Release|Any CPU.Build.0 = Release|Any CPU
		{A0439EC0-A3AC-47A1-B096-B576ABFF102A}.Release|x64.ActiveCfg = Release|Any CPU
		{A0439EC0-A3AC-47A1-B096-B576ABFF102A}.Release|x64.Build.0 = Release|Any CPU
		{A0439EC0-A3AC-47A1-B096-B576ABFF102A}.Release|x86.ActiveCfg = Release|Any CPU
		{A0439EC0-A3AC-47A1-B096-B576ABFF102A}.Release|x86.Build.0 = Release|Any CPU
		{9FB158DA-58FF-43D2-91D4-079AFFE38AF6}.Debug|Any CPU.ActiveCfg = Debug|Any CPU
		{9FB158DA-58FF-43D2-91D4-079AFFE38AF6}.Debug|Any CPU.Build.0 = Debug|Any CPU
		{9FB158DA-58FF-43D2-91D4-079AFFE38AF6}.Debug|x64.ActiveCfg = Debug|Any CPU
		{9FB158DA-58FF-43D2-91D4-079AFFE38AF6}.Debug|x64.Build.0 = Debug|Any CPU
		{9FB158DA-58FF-43D2-91D4-079AFFE38AF6}.Debug|x86.ActiveCfg = Debug|Any CPU
		{9FB158DA-58FF-43D2-91D4-079AFFE38AF6}.Debug|x86.Build.0 = Debug|Any CPU
		{9FB158DA-58FF-43D2-91D4-079AFFE38AF6}.Release|Any CPU.ActiveCfg = Release|Any CPU
		{9FB158DA-58FF-43D2-91D4-079AFFE38AF6}.Release|Any CPU.Build.0 = Release|Any CPU
		{9FB158DA-58FF-43D2-91D4-079AFFE38AF6}.Release|x64.ActiveCfg = Release|Any CPU
		{9FB158DA-58FF-43D2-91D4-079AFFE38AF6}.Release|x64.Build.0 = Release|Any CPU
		{9FB158DA-58FF-43D2-91D4-079AFFE38AF6}.Release|x86.ActiveCfg = Release|Any CPU
		{9FB158DA-58FF-43D2-91D4-079AFFE38AF6}.Release|x86.Build.0 = Release|Any CPU
		{04F2E842-6CF0-484A-8D8B-897806D24BF6}.Debug|Any CPU.ActiveCfg = Debug|Any CPU
		{04F2E842-6CF0-484A-8D8B-897806D24BF6}.Debug|Any CPU.Build.0 = Debug|Any CPU
		{04F2E842-6CF0-484A-8D8B-897806D24BF6}.Debug|x64.ActiveCfg = Debug|Any CPU
		{04F2E842-6CF0-484A-8D8B-897806D24BF6}.Debug|x64.Build.0 = Debug|Any CPU
		{04F2E842-6CF0-484A-8D8B-897806D24BF6}.Debug|x86.ActiveCfg = Debug|Any CPU
		{04F2E842-6CF0-484A-8D8B-897806D24BF6}.Debug|x86.Build.0 = Debug|Any CPU
		{04F2E842-6CF0-484A-8D8B-897806D24BF6}.Release|Any CPU.ActiveCfg = Release|Any CPU
		{04F2E842-6CF0-484A-8D8B-897806D24BF6}.Release|Any CPU.Build.0 = Release|Any CPU
		{04F2E842-6CF0-484A-8D8B-897806D24BF6}.Release|x64.ActiveCfg = Release|Any CPU
		{04F2E842-6CF0-484A-8D8B-897806D24BF6}.Release|x64.Build.0 = Release|Any CPU
		{04F2E842-6CF0-484A-8D8B-897806D24BF6}.Release|x86.ActiveCfg = Release|Any CPU
		{04F2E842-6CF0-484A-8D8B-897806D24BF6}.Release|x86.Build.0 = Release|Any CPU
		{221E9698-4A2F-4807-B66A-9E8330AE231E}.Debug|Any CPU.ActiveCfg = Debug|Any CPU
		{221E9698-4A2F-4807-B66A-9E8330AE231E}.Debug|Any CPU.Build.0 = Debug|Any CPU
		{221E9698-4A2F-4807-B66A-9E8330AE231E}.Debug|x64.ActiveCfg = Debug|Any CPU
		{221E9698-4A2F-4807-B66A-9E8330AE231E}.Debug|x64.Build.0 = Debug|Any CPU
		{221E9698-4A2F-4807-B66A-9E8330AE231E}.Debug|x86.ActiveCfg = Debug|Any CPU
		{221E9698-4A2F-4807-B66A-9E8330AE231E}.Debug|x86.Build.0 = Debug|Any CPU
		{221E9698-4A2F-4807-B66A-9E8330AE231E}.Release|Any CPU.ActiveCfg = Release|Any CPU
		{221E9698-4A2F-4807-B66A-9E8330AE231E}.Release|Any CPU.Build.0 = Release|Any CPU
		{221E9698-4A2F-4807-B66A-9E8330AE231E}.Release|x64.ActiveCfg = Release|Any CPU
		{221E9698-4A2F-4807-B66A-9E8330AE231E}.Release|x64.Build.0 = Release|Any CPU
		{221E9698-4A2F-4807-B66A-9E8330AE231E}.Release|x86.ActiveCfg = Release|Any CPU
		{221E9698-4A2F-4807-B66A-9E8330AE231E}.Release|x86.Build.0 = Release|Any CPU
		{092D0580-E607-4F2A-8F32-60FE5623C4DC}.Debug|Any CPU.ActiveCfg = Debug|Any CPU
		{092D0580-E607-4F2A-8F32-60FE5623C4DC}.Debug|Any CPU.Build.0 = Debug|Any CPU
		{092D0580-E607-4F2A-8F32-60FE5623C4DC}.Debug|x64.ActiveCfg = Debug|Any CPU
		{092D0580-E607-4F2A-8F32-60FE5623C4DC}.Debug|x64.Build.0 = Debug|Any CPU
		{092D0580-E607-4F2A-8F32-60FE5623C4DC}.Debug|x86.ActiveCfg = Debug|Any CPU
		{092D0580-E607-4F2A-8F32-60FE5623C4DC}.Debug|x86.Build.0 = Debug|Any CPU
		{092D0580-E607-4F2A-8F32-60FE5623C4DC}.Release|Any CPU.ActiveCfg = Release|Any CPU
		{092D0580-E607-4F2A-8F32-60FE5623C4DC}.Release|Any CPU.Build.0 = Release|Any CPU
		{092D0580-E607-4F2A-8F32-60FE5623C4DC}.Release|x64.ActiveCfg = Release|Any CPU
		{092D0580-E607-4F2A-8F32-60FE5623C4DC}.Release|x64.Build.0 = Release|Any CPU
		{092D0580-E607-4F2A-8F32-60FE5623C4DC}.Release|x86.ActiveCfg = Release|Any CPU
		{092D0580-E607-4F2A-8F32-60FE5623C4DC}.Release|x86.Build.0 = Release|Any CPU
		{E46CA8BE-22E7-4907-86EE-98D33305BF2B}.Debug|Any CPU.ActiveCfg = Debug|Any CPU
		{E46CA8BE-22E7-4907-86EE-98D33305BF2B}.Debug|Any CPU.Build.0 = Debug|Any CPU
		{E46CA8BE-22E7-4907-86EE-98D33305BF2B}.Debug|x64.ActiveCfg = Debug|Any CPU
		{E46CA8BE-22E7-4907-86EE-98D33305BF2B}.Debug|x64.Build.0 = Debug|Any CPU
		{E46CA8BE-22E7-4907-86EE-98D33305BF2B}.Debug|x86.ActiveCfg = Debug|Any CPU
		{E46CA8BE-22E7-4907-86EE-98D33305BF2B}.Debug|x86.Build.0 = Debug|Any CPU
		{E46CA8BE-22E7-4907-86EE-98D33305BF2B}.Release|Any CPU.ActiveCfg = Release|Any CPU
		{E46CA8BE-22E7-4907-86EE-98D33305BF2B}.Release|Any CPU.Build.0 = Release|Any CPU
		{E46CA8BE-22E7-4907-86EE-98D33305BF2B}.Release|x64.ActiveCfg = Release|Any CPU
		{E46CA8BE-22E7-4907-86EE-98D33305BF2B}.Release|x64.Build.0 = Release|Any CPU
		{E46CA8BE-22E7-4907-86EE-98D33305BF2B}.Release|x86.ActiveCfg = Release|Any CPU
		{E46CA8BE-22E7-4907-86EE-98D33305BF2B}.Release|x86.Build.0 = Release|Any CPU
		{73454CAC-5901-4F59-B6E9-E5399FF6BF62}.Debug|Any CPU.ActiveCfg = Debug|Any CPU
		{73454CAC-5901-4F59-B6E9-E5399FF6BF62}.Debug|Any CPU.Build.0 = Debug|Any CPU
		{73454CAC-5901-4F59-B6E9-E5399FF6BF62}.Debug|x64.ActiveCfg = Debug|Any CPU
		{73454CAC-5901-4F59-B6E9-E5399FF6BF62}.Debug|x64.Build.0 = Debug|Any CPU
		{73454CAC-5901-4F59-B6E9-E5399FF6BF62}.Debug|x86.ActiveCfg = Debug|Any CPU
		{73454CAC-5901-4F59-B6E9-E5399FF6BF62}.Debug|x86.Build.0 = Debug|Any CPU
		{73454CAC-5901-4F59-B6E9-E5399FF6BF62}.Release|Any CPU.ActiveCfg = Release|Any CPU
		{73454CAC-5901-4F59-B6E9-E5399FF6BF62}.Release|Any CPU.Build.0 = Release|Any CPU
		{73454CAC-5901-4F59-B6E9-E5399FF6BF62}.Release|x64.ActiveCfg = Release|Any CPU
		{73454CAC-5901-4F59-B6E9-E5399FF6BF62}.Release|x64.Build.0 = Release|Any CPU
		{73454CAC-5901-4F59-B6E9-E5399FF6BF62}.Release|x86.ActiveCfg = Release|Any CPU
		{73454CAC-5901-4F59-B6E9-E5399FF6BF62}.Release|x86.Build.0 = Release|Any CPU
	EndGlobalSection
	GlobalSection(NestedProjects) = preSolution
		{A0439EC0-A3AC-47A1-B096-B576ABFF102A} = {53943856-2F52-4F6C-9166-71E104B3F456}
		{9FB158DA-58FF-43D2-91D4-079AFFE38AF6} = {F2762EE6-D1A6-49F6-951C-E9DE02E8BF81}
		{04F2E842-6CF0-484A-8D8B-897806D24BF6} = {30C14B97-4C2C-4FD0-9911-5365078DF3A1}
		{221E9698-4A2F-4807-B66A-9E8330AE231E} = {30C14B97-4C2C-4FD0-9911-5365078DF3A1}
		{092D0580-E607-4F2A-8F32-60FE5623C4DC} = {30C14B97-4C2C-4FD0-9911-5365078DF3A1}
		{E46CA8BE-22E7-4907-86EE-98D33305BF2B} = {30C14B97-4C2C-4FD0-9911-5365078DF3A1}
		{73454CAC-5901-4F59-B6E9-E5399FF6BF62} = {30C14B97-4C2C-4FD0-9911-5365078DF3A1}
	EndGlobalSection
EndGlobal
