
Microsoft Visual Studio Solution File, Format Version 12.00
# Visual Studio 15
VisualStudioVersion = 15.0.26124.0
MinimumVisualStudioVersion = 15.0.26124.0
Project("{2150E333-8FDC-42A3-9474-1A3956D46DE8}") = "src", "src", "{53943856-2F52-4F6C-9166-71E104B3F456}"
EndProject
Project("{FAE04EC0-301F-11D3-BF4B-00C04F79EFBC}") = "FMTestHelper", "src\FMTestHelper\FMTestHelper.csproj", "{A0439EC0-A3AC-47A1-B096-B576ABFF102A}"
EndProject
Project("{2150E333-8FDC-42A3-9474-1A3956D46DE8}") = "test", "test", "{F2762EE6-D1A6-49F6-951C-E9DE02E8BF81}"
EndProject
Project("{FAE04EC0-301F-11D3-BF4B-00C04F79EFBC}") = "FMTestHelper.Tests", "test\FMTestHelper.Tests\FMTestHelper.Tests.csproj", "{9FB158DA-58FF-43D2-91D4-079AFFE38AF6}"
EndProject
Project("{FAE04EC0-301F-11D3-BF4B-00C04F79EFBC}") = "TestApp.SqlServer", "test\TestApp.SqlServer\TestApp.SqlServer.csproj", "{CFD60230-3E07-4CD1-B87E-9DFC31F5E155}"
EndProject
Project("{FAE04EC0-301F-11D3-BF4B-00C04F79EFBC}") = "TestApp.PostgreSQL", "test\TestApp.PostgreSQL\TestApp.PostgreSQL.csproj", "{D0660976-3FEB-46BD-AC9D-A8DEA5257E54}"
EndProject
Project("{FAE04EC0-301F-11D3-BF4B-00C04F79EFBC}") = "TestApp.Core", "test\TestApp.Core\TestApp.Core.csproj", "{D0A7F8D5-6DF1-47F3-BA02-84B81DD1B557}"
EndProject
Global
	GlobalSection(SolutionConfigurationPlatforms) = preSolution
		Debug|Any CPU = Debug|Any CPU
		Debug|x64 = Debug|x64
		Debug|x86 = Debug|x86
		Release|Any CPU = Release|Any CPU
		Release|x64 = Release|x64
		Release|x86 = Release|x86
	EndGlobalSection
	GlobalSection(SolutionProperties) = preSolution
		HideSolutionNode = FALSE
	EndGlobalSection
	GlobalSection(ProjectConfigurationPlatforms) = postSolution
		{A0439EC0-A3AC-47A1-B096-B576ABFF102A}.Debug|Any CPU.ActiveCfg = Debug|Any CPU
		{A0439EC0-A3AC-47A1-B096-B576ABFF102A}.Debug|Any CPU.Build.0 = Debug|Any CPU
		{A0439EC0-A3AC-47A1-B096-B576ABFF102A}.Debug|x64.ActiveCfg = Debug|Any CPU
		{A0439EC0-A3AC-47A1-B096-B576ABFF102A}.Debug|x64.Build.0 = Debug|Any CPU
		{A0439EC0-A3AC-47A1-B096-B576ABFF102A}.Debug|x86.ActiveCfg = Debug|Any CPU
		{A0439EC0-A3AC-47A1-B096-B576ABFF102A}.Debug|x86.Build.0 = Debug|Any CPU
		{A0439EC0-A3AC-47A1-B096-B576ABFF102A}.Release|Any CPU.ActiveCfg = Release|Any CPU
		{A0439EC0-A3AC-47A1-B096-B576ABFF102A}.Release|Any CPU.Build.0 = Release|Any CPU
		{A0439EC0-A3AC-47A1-B096-B576ABFF102A}.Release|x64.ActiveCfg = Release|Any CPU
		{A0439EC0-A3AC-47A1-B096-B576ABFF102A}.Release|x64.Build.0 = Release|Any CPU
		{A0439EC0-A3AC-47A1-B096-B576ABFF102A}.Release|x86.ActiveCfg = Release|Any CPU
		{A0439EC0-A3AC-47A1-B096-B576ABFF102A}.Release|x86.Build.0 = Release|Any CPU
		{9FB158DA-58FF-43D2-91D4-079AFFE38AF6}.Debug|Any CPU.ActiveCfg = Debug|Any CPU
		{9FB158DA-58FF-43D2-91D4-079AFFE38AF6}.Debug|Any CPU.Build.0 = Debug|Any CPU
		{9FB158DA-58FF-43D2-91D4-079AFFE38AF6}.Debug|x64.ActiveCfg = Debug|Any CPU
		{9FB158DA-58FF-43D2-91D4-079AFFE38AF6}.Debug|x64.Build.0 = Debug|Any CPU
		{9FB158DA-58FF-43D2-91D4-079AFFE38AF6}.Debug|x86.ActiveCfg = Debug|Any CPU
		{9FB158DA-58FF-43D2-91D4-079AFFE38AF6}.Debug|x86.Build.0 = Debug|Any CPU
		{9FB158DA-58FF-43D2-91D4-079AFFE38AF6}.Release|Any CPU.ActiveCfg = Release|Any CPU
		{9FB158DA-58FF-43D2-91D4-079AFFE38AF6}.Release|Any CPU.Build.0 = Release|Any CPU
		{9FB158DA-58FF-43D2-91D4-079AFFE38AF6}.Release|x64.ActiveCfg = Release|Any CPU
		{9FB158DA-58FF-43D2-91D4-079AFFE38AF6}.Release|x64.Build.0 = Release|Any CPU
		{9FB158DA-58FF-43D2-91D4-079AFFE38AF6}.Release|x86.ActiveCfg = Release|Any CPU
		{9FB158DA-58FF-43D2-91D4-079AFFE38AF6}.Release|x86.Build.0 = Release|Any CPU
		{CFD60230-3E07-4CD1-B87E-9DFC31F5E155}.Debug|Any CPU.ActiveCfg = Debug|Any CPU
		{CFD60230-3E07-4CD1-B87E-9DFC31F5E155}.Debug|Any CPU.Build.0 = Debug|Any CPU
		{CFD60230-3E07-4CD1-B87E-9DFC31F5E155}.Debug|x64.ActiveCfg = Debug|Any CPU
		{CFD60230-3E07-4CD1-B87E-9DFC31F5E155}.Debug|x64.Build.0 = Debug|Any CPU
		{CFD60230-3E07-4CD1-B87E-9DFC31F5E155}.Debug|x86.ActiveCfg = Debug|Any CPU
		{CFD60230-3E07-4CD1-B87E-9DFC31F5E155}.Debug|x86.Build.0 = Debug|Any CPU
		{CFD60230-3E07-4CD1-B87E-9DFC31F5E155}.Release|Any CPU.ActiveCfg = Release|Any CPU
		{CFD60230-3E07-4CD1-B87E-9DFC31F5E155}.Release|Any CPU.Build.0 = Release|Any CPU
		{CFD60230-3E07-4CD1-B87E-9DFC31F5E155}.Release|x64.ActiveCfg = Release|Any CPU
		{CFD60230-3E07-4CD1-B87E-9DFC31F5E155}.Release|x64.Build.0 = Release|Any CPU
		{CFD60230-3E07-4CD1-B87E-9DFC31F5E155}.Release|x86.ActiveCfg = Release|Any CPU
		{CFD60230-3E07-4CD1-B87E-9DFC31F5E155}.Release|x86.Build.0 = Release|Any CPU
		{D0660976-3FEB-46BD-AC9D-A8DEA5257E54}.Debug|Any CPU.ActiveCfg = Debug|Any CPU
		{D0660976-3FEB-46BD-AC9D-A8DEA5257E54}.Debug|Any CPU.Build.0 = Debug|Any CPU
		{D0660976-3FEB-46BD-AC9D-A8DEA5257E54}.Debug|x64.ActiveCfg = Debug|Any CPU
		{D0660976-3FEB-46BD-AC9D-A8DEA5257E54}.Debug|x64.Build.0 = Debug|Any CPU
		{D0660976-3FEB-46BD-AC9D-A8DEA5257E54}.Debug|x86.ActiveCfg = Debug|Any CPU
		{D0660976-3FEB-46BD-AC9D-A8DEA5257E54}.Debug|x86.Build.0 = Debug|Any CPU
		{D0660976-3FEB-46BD-AC9D-A8DEA5257E54}.Release|Any CPU.ActiveCfg = Release|Any CPU
		{D0660976-3FEB-46BD-AC9D-A8DEA5257E54}.Release|Any CPU.Build.0 = Release|Any CPU
		{D0660976-3FEB-46BD-AC9D-A8DEA5257E54}.Release|x64.ActiveCfg = Release|Any CPU
		{D0660976-3FEB-46BD-AC9D-A8DEA5257E54}.Release|x64.Build.0 = Release|Any CPU
		{D0660976-3FEB-46BD-AC9D-A8DEA5257E54}.Release|x86.ActiveCfg = Release|Any CPU
		{D0660976-3FEB-46BD-AC9D-A8DEA5257E54}.Release|x86.Build.0 = Release|Any CPU
		{D0A7F8D5-6DF1-47F3-BA02-84B81DD1B557}.Debug|Any CPU.ActiveCfg = Debug|Any CPU
		{D0A7F8D5-6DF1-47F3-BA02-84B81DD1B557}.Debug|Any CPU.Build.0 = Debug|Any CPU
		{D0A7F8D5-6DF1-47F3-BA02-84B81DD1B557}.Debug|x64.ActiveCfg = Debug|Any CPU
		{D0A7F8D5-6DF1-47F3-BA02-84B81DD1B557}.Debug|x64.Build.0 = Debug|Any CPU
		{D0A7F8D5-6DF1-47F3-BA02-84B81DD1B557}.Debug|x86.ActiveCfg = Debug|Any CPU
		{D0A7F8D5-6DF1-47F3-BA02-84B81DD1B557}.Debug|x86.Build.0 = Debug|Any CPU
		{D0A7F8D5-6DF1-47F3-BA02-84B81DD1B557}.Release|Any CPU.ActiveCfg = Release|Any CPU
		{D0A7F8D5-6DF1-47F3-BA02-84B81DD1B557}.Release|Any CPU.Build.0 = Release|Any CPU
		{D0A7F8D5-6DF1-47F3-BA02-84B81DD1B557}.Release|x64.ActiveCfg = Release|Any CPU
		{D0A7F8D5-6DF1-47F3-BA02-84B81DD1B557}.Release|x64.Build.0 = Release|Any CPU
		{D0A7F8D5-6DF1-47F3-BA02-84B81DD1B557}.Release|x86.ActiveCfg = Release|Any CPU
		{D0A7F8D5-6DF1-47F3-BA02-84B81DD1B557}.Release|x86.Build.0 = Release|Any CPU
	EndGlobalSection
	GlobalSection(NestedProjects) = preSolution
		{A0439EC0-A3AC-47A1-B096-B576ABFF102A} = {53943856-2F52-4F6C-9166-71E104B3F456}
		{9FB158DA-58FF-43D2-91D4-079AFFE38AF6} = {F2762EE6-D1A6-49F6-951C-E9DE02E8BF81}
		{CFD60230-3E07-4CD1-B87E-9DFC31F5E155} = {F2762EE6-D1A6-49F6-951C-E9DE02E8BF81}
		{D0660976-3FEB-46BD-AC9D-A8DEA5257E54} = {F2762EE6-D1A6-49F6-951C-E9DE02E8BF81}
		{D0A7F8D5-6DF1-47F3-BA02-84B81DD1B557} = {F2762EE6-D1A6-49F6-951C-E9DE02E8BF81}
	EndGlobalSection
EndGlobal
